
Microsoft Visual Studio Solution File, Format Version 12.00
# Visual Studio Version 17
VisualStudioVersion = 17.2.32616.157
MinimumVisualStudioVersion = 10.0.40219.1
Project("{FAE04EC0-301F-11D3-BF4B-00C04F79EFBC}") = "ConsoleApp10", "ConsoleApp10\ConsoleApp10.csproj", "{B8FFEF39-05D4-4DCC-92A2-E4A1CDF9C763}"
EndProject
Global
	GlobalSection(SolutionConfigurationPlatforms) = preSolution
		Debug|Any CPU = Debug|Any CPU
		Release|Any CPU = Release|Any CPU
	EndGlobalSection
	GlobalSection(ProjectConfigurationPlatforms) = postSolution
		{B8FFEF39-05D4-4DCC-92A2-E4A1CDF9C763}.Debug|Any CPU.ActiveCfg = Debug|Any CPU
		{B8FFEF39-05D4-4DCC-92A2-E4A1CDF9C763}.Debug|Any CPU.Build.0 = Debug|Any CPU
		{B8FFEF39-05D4-4DCC-92A2-E4A1CDF9C763}.Release|Any CPU.ActiveCfg = Release|Any CPU
		{B8FFEF39-05D4-4DCC-92A2-E4A1CDF9C763}.Release|Any CPU.Build.0 = Release|Any CPU
	EndGlobalSection
	GlobalSection(SolutionProperties) = preSolution
		HideSolutionNode = FALSE
	EndGlobalSection
	GlobalSection(ExtensibilityGlobals) = postSolution
		SolutionGuid = {3C0FA0F7-9977-4732-B0EC-22F2AC82D256}
	EndGlobalSection
EndGlobal
